
Microsoft Visual Studio Solution File, Format Version 12.00
# Visual Studio Version 16
VisualStudioVersion = 16.0.30517.126
MinimumVisualStudioVersion = 10.0.40219.1
Project("{8BC9CEB8-8B4A-11D0-8D11-00A0C91BC942}") = "Streamer", "Streamer.vcxproj", "{4B29ABC5-DE66-44B7-B6DE-8F7BBFA0C02A}"
EndProject
Project("{8BC9CEB8-8B4A-11D0-8D11-00A0C91BC942}") = "TestCyAPIWrapper", "TestCyAPIWrapper\TestCyAPIWrapper.vcxproj", "{EC33AA76-6CD7-421E-814E-31AE83C9466C}"
EndProject
Project("{888888A0-9F3D-457C-B088-3A5042F75D52}") = "TestCyAPIWrapperPython", "TestCyAPIWrapperPython\TestCyAPIWrapperPython.pyproj", "{FBE6497A-5A23-46B2-958D-01ED4FC198C5}"
EndProject
Project("{8BC9CEB8-8B4A-11D0-8D11-00A0C91BC942}") = "CyAPIWrapperDLL", "CyAPIWrapperDLL\CyAPIWrapperDLL.vcxproj", "{54C0ACD6-FBCC-49A0-8181-17EBBB793BA4}"
EndProject
Global
	GlobalSection(SolutionConfigurationPlatforms) = preSolution
		Debug|Any CPU = Debug|Any CPU
		Debug|Win32 = Debug|Win32
		Debug|x64 = Debug|x64
		Release|Any CPU = Release|Any CPU
		Release|Win32 = Release|Win32
		Release|x64 = Release|x64
	EndGlobalSection
	GlobalSection(ProjectConfigurationPlatforms) = postSolution
		{4B29ABC5-DE66-44B7-B6DE-8F7BBFA0C02A}.Debug|Any CPU.ActiveCfg = Debug|Win32
		{4B29ABC5-DE66-44B7-B6DE-8F7BBFA0C02A}.Debug|Win32.ActiveCfg = Debug|Win32
		{4B29ABC5-DE66-44B7-B6DE-8F7BBFA0C02A}.Debug|Win32.Build.0 = Debug|Win32
		{4B29ABC5-DE66-44B7-B6DE-8F7BBFA0C02A}.Debug|x64.ActiveCfg = Debug|x64
		{4B29ABC5-DE66-44B7-B6DE-8F7BBFA0C02A}.Debug|x64.Build.0 = Debug|x64
		{4B29ABC5-DE66-44B7-B6DE-8F7BBFA0C02A}.Release|Any CPU.ActiveCfg = Release|Win32
		{4B29ABC5-DE66-44B7-B6DE-8F7BBFA0C02A}.Release|Win32.ActiveCfg = Release|Win32
		{4B29ABC5-DE66-44B7-B6DE-8F7BBFA0C02A}.Release|Win32.Build.0 = Release|Win32
		{4B29ABC5-DE66-44B7-B6DE-8F7BBFA0C02A}.Release|x64.ActiveCfg = Release|x64
		{4B29ABC5-DE66-44B7-B6DE-8F7BBFA0C02A}.Release|x64.Build.0 = Release|x64
		{EC33AA76-6CD7-421E-814E-31AE83C9466C}.Debug|Any CPU.ActiveCfg = Debug|Win32
		{EC33AA76-6CD7-421E-814E-31AE83C9466C}.Debug|Win32.ActiveCfg = Debug|Win32
		{EC33AA76-6CD7-421E-814E-31AE83C9466C}.Debug|Win32.Build.0 = Debug|Win32
		{EC33AA76-6CD7-421E-814E-31AE83C9466C}.Debug|x64.ActiveCfg = Debug|x64
		{EC33AA76-6CD7-421E-814E-31AE83C9466C}.Debug|x64.Build.0 = Debug|x64
		{EC33AA76-6CD7-421E-814E-31AE83C9466C}.Release|Any CPU.ActiveCfg = Release|Win32
		{EC33AA76-6CD7-421E-814E-31AE83C9466C}.Release|Win32.ActiveCfg = Release|Win32
		{EC33AA76-6CD7-421E-814E-31AE83C9466C}.Release|Win32.Build.0 = Release|Win32
		{EC33AA76-6CD7-421E-814E-31AE83C9466C}.Release|x64.ActiveCfg = Release|x64
		{EC33AA76-6CD7-421E-814E-31AE83C9466C}.Release|x64.Build.0 = Release|x64
		{FBE6497A-5A23-46B2-958D-01ED4FC198C5}.Debug|Any CPU.ActiveCfg = Debug|Any CPU
		{FBE6497A-5A23-46B2-958D-01ED4FC198C5}.Debug|Win32.ActiveCfg = Debug|Any CPU
		{FBE6497A-5A23-46B2-958D-01ED4FC198C5}.Debug|x64.ActiveCfg = Debug|Any CPU
		{FBE6497A-5A23-46B2-958D-01ED4FC198C5}.Release|Any CPU.ActiveCfg = Release|Any CPU
		{FBE6497A-5A23-46B2-958D-01ED4FC198C5}.Release|Win32.ActiveCfg = Release|Any CPU
		{FBE6497A-5A23-46B2-958D-01ED4FC198C5}.Release|x64.ActiveCfg = Release|Any CPU
		{54C0ACD6-FBCC-49A0-8181-17EBBB793BA4}.Debug|Any CPU.ActiveCfg = Debug|Win32
		{54C0ACD6-FBCC-49A0-8181-17EBBB793BA4}.Debug|Win32.ActiveCfg = Debug|Win32
		{54C0ACD6-FBCC-49A0-8181-17EBBB793BA4}.Debug|Win32.Build.0 = Debug|Win32
		{54C0ACD6-FBCC-49A0-8181-17EBBB793BA4}.Debug|x64.ActiveCfg = Debug|x64
		{54C0ACD6-FBCC-49A0-8181-17EBBB793BA4}.Debug|x64.Build.0 = Debug|x64
		{54C0ACD6-FBCC-49A0-8181-17EBBB793BA4}.Release|Any CPU.ActiveCfg = Release|Win32
		{54C0ACD6-FBCC-49A0-8181-17EBBB793BA4}.Release|Win32.ActiveCfg = Release|Win32
		{54C0ACD6-FBCC-49A0-8181-17EBBB793BA4}.Release|Win32.Build.0 = Release|Win32
		{54C0ACD6-FBCC-49A0-8181-17EBBB793BA4}.Release|x64.ActiveCfg = Release|x64
		{54C0ACD6-FBCC-49A0-8181-17EBBB793BA4}.Release|x64.Build.0 = Release|x64
	EndGlobalSection
	GlobalSection(SolutionProperties) = preSolution
		HideSolutionNode = FALSE
	EndGlobalSection
	GlobalSection(ExtensibilityGlobals) = postSolution
		SolutionGuid = {65C67BAD-ADE3-481D-BB02-1E57FFD4521B}
	EndGlobalSection
EndGlobal
